
Microsoft Visual Studio Solution File, Format Version 12.00
# Visual Studio 15
VisualStudioVersion = 15.0.27004.2005
MinimumVisualStudioVersion = 10.0.40219.1
Project("{FAE04EC0-301F-11D3-BF4B-00C04F79EFBC}") = "RunEx", "RunEx\RunEx.csproj", "{A2B29B00-3A73-4353-9574-9DB17F27D8AF}"
EndProject
Global
	GlobalSection(SolutionConfigurationPlatforms) = preSolution
		Debug|Any CPU = Debug|Any CPU
		Release|Any CPU = Release|Any CPU
	EndGlobalSection
	GlobalSection(ProjectConfigurationPlatforms) = postSolution
		{A2B29B00-3A73-4353-9574-9DB17F27D8AF}.Debug|Any CPU.ActiveCfg = Debug|Any CPU
		{A2B29B00-3A73-4353-9574-9DB17F27D8AF}.Debug|Any CPU.Build.0 = Debug|Any CPU
		{A2B29B00-3A73-4353-9574-9DB17F27D8AF}.Release|Any CPU.ActiveCfg = Release|Any CPU
		{A2B29B00-3A73-4353-9574-9DB17F27D8AF}.Release|Any CPU.Build.0 = Release|Any CPU
	EndGlobalSection
	GlobalSection(SolutionProperties) = preSolution
		HideSolutionNode = FALSE
	EndGlobalSection
	GlobalSection(ExtensibilityGlobals) = postSolution
		SolutionGuid = {9FFDF7B6-DF6E-4358-A728-97F601399BDA}
	EndGlobalSection
EndGlobal
